
Microsoft Visual Studio Solution File, Format Version 12.00
# Visual Studio Version 17
VisualStudioVersion = 17.3.32825.248
MinimumVisualStudioVersion = 10.0.40219.1
Project("{FAE04EC0-301F-11D3-BF4B-00C04F79EFBC}") = "Calculator", "Calculator\Calculator.csproj", "{6E5FAC71-6B17-4693-ADE6-126DAB092135}"
EndProject
Project("{FAE04EC0-301F-11D3-BF4B-00C04F79EFBC}") = "Calculator.Tests", "Calculator.Tests\Calculator.Tests.csproj", "{FE20FFEB-3546-4F7B-9A1A-6AEE3A87D362}"
EndProject
Global
	GlobalSection(SolutionConfigurationPlatforms) = preSolution
		Debug|Any CPU = Debug|Any CPU
		Release|Any CPU = Release|Any CPU
	EndGlobalSection
	GlobalSection(ProjectConfigurationPlatforms) = postSolution
		{6E5FAC71-6B17-4693-ADE6-126DAB092135}.Debug|Any CPU.ActiveCfg = Debug|Any CPU
		{6E5FAC71-6B17-4693-ADE6-126DAB092135}.Debug|Any CPU.Build.0 = Debug|Any CPU
		{6E5FAC71-6B17-4693-ADE6-126DAB092135}.Release|Any CPU.ActiveCfg = Release|Any CPU
		{6E5FAC71-6B17-4693-ADE6-126DAB092135}.Release|Any CPU.Build.0 = Release|Any CPU
		{FE20FFEB-3546-4F7B-9A1A-6AEE3A87D362}.Debug|Any CPU.ActiveCfg = Debug|Any CPU
		{FE20FFEB-3546-4F7B-9A1A-6AEE3A87D362}.Debug|Any CPU.Build.0 = Debug|Any CPU
		{FE20FFEB-3546-4F7B-9A1A-6AEE3A87D362}.Release|Any CPU.ActiveCfg = Release|Any CPU
		{FE20FFEB-3546-4F7B-9A1A-6AEE3A87D362}.Release|Any CPU.Build.0 = Release|Any CPU
	EndGlobalSection
	GlobalSection(SolutionProperties) = preSolution
		HideSolutionNode = FALSE
	EndGlobalSection
	GlobalSection(ExtensibilityGlobals) = postSolution
		SolutionGuid = {B9D94FE6-29D2-4098-AC50-5592949FB6ED}
	EndGlobalSection
EndGlobal
